
Microsoft Visual Studio Solution File, Format Version 12.00
# Visual Studio Version 17
VisualStudioVersion = 17.3.32825.248
MinimumVisualStudioVersion = 10.0.40219.1
Project("{FAE04EC0-301F-11D3-BF4B-00C04F79EFBC}") = "Week2", "Week2\Week2.csproj", "{AFC6DC6B-B866-42FE-8F0B-B57F52088728}"
EndProject
Project("{FAE04EC0-301F-11D3-BF4B-00C04F79EFBC}") = "UserGenderValidation", "UserGenderValidation\UserGenderValidation.csproj", "{2A83DA4C-A2AA-4128-B198-851A2305F420}"
EndProject
Project("{FAE04EC0-301F-11D3-BF4B-00C04F79EFBC}") = "UserAgeValidation", "UserAgeValidation\UserAgeValidation.csproj", "{349C579B-A07E-465B-886D-E8CB38125C9F}"
EndProject
Global
	GlobalSection(SolutionConfigurationPlatforms) = preSolution
		Debug|Any CPU = Debug|Any CPU
		Release|Any CPU = Release|Any CPU
	EndGlobalSection
	GlobalSection(ProjectConfigurationPlatforms) = postSolution
		{AFC6DC6B-B866-42FE-8F0B-B57F52088728}.Debug|Any CPU.ActiveCfg = Debug|Any CPU
		{AFC6DC6B-B866-42FE-8F0B-B57F52088728}.Debug|Any CPU.Build.0 = Debug|Any CPU
		{AFC6DC6B-B866-42FE-8F0B-B57F52088728}.Release|Any CPU.ActiveCfg = Release|Any CPU
		{AFC6DC6B-B866-42FE-8F0B-B57F52088728}.Release|Any CPU.Build.0 = Release|Any CPU
		{2A83DA4C-A2AA-4128-B198-851A2305F420}.Debug|Any CPU.ActiveCfg = Debug|Any CPU
		{2A83DA4C-A2AA-4128-B198-851A2305F420}.Debug|Any CPU.Build.0 = Debug|Any CPU
		{2A83DA4C-A2AA-4128-B198-851A2305F420}.Release|Any CPU.ActiveCfg = Release|Any CPU
		{2A83DA4C-A2AA-4128-B198-851A2305F420}.Release|Any CPU.Build.0 = Release|Any CPU
		{349C579B-A07E-465B-886D-E8CB38125C9F}.Debug|Any CPU.ActiveCfg = Debug|Any CPU
		{349C579B-A07E-465B-886D-E8CB38125C9F}.Debug|Any CPU.Build.0 = Debug|Any CPU
		{349C579B-A07E-465B-886D-E8CB38125C9F}.Release|Any CPU.ActiveCfg = Release|Any CPU
		{349C579B-A07E-465B-886D-E8CB38125C9F}.Release|Any CPU.Build.0 = Release|Any CPU
	EndGlobalSection
	GlobalSection(SolutionProperties) = preSolution
		HideSolutionNode = FALSE
	EndGlobalSection
	GlobalSection(ExtensibilityGlobals) = postSolution
		SolutionGuid = {95E64EF0-9BE3-48B0-9166-6126AC21090D}
	EndGlobalSection
EndGlobal
